
Microsoft Visual Studio Solution File, Format Version 12.00
# Visual Studio Version 16
VisualStudioVersion = 16.0.30128.74
MinimumVisualStudioVersion = 10.0.40219.1
Project("{FAE04EC0-301F-11D3-BF4B-00C04F79EFBC}") = "CoreArchitecture", "CoreArchitecture\CoreArchitecture.csproj", "{1A41956E-9453-408C-995C-A0B53453CA13}"
EndProject
Project("{FAE04EC0-301F-11D3-BF4B-00C04F79EFBC}") = "CoreArchitecture.Business", "CoreArchitecture.Business\CoreArchitecture.Business.csproj", "{B471441F-6C3D-4E6A-A837-8C46B9957D56}"
EndProject
Project("{FAE04EC0-301F-11D3-BF4B-00C04F79EFBC}") = "CoreArchitecture.Data", "CoreArchitecture.Data\CoreArchitecture.Data.csproj", "{8ED6786D-562B-49E4-8CEF-9728F0BD1152}"
EndProject
Global
	GlobalSection(SolutionConfigurationPlatforms) = preSolution
		Debug|Any CPU = Debug|Any CPU
		Release|Any CPU = Release|Any CPU
	EndGlobalSection
	GlobalSection(ProjectConfigurationPlatforms) = postSolution
		{1A41956E-9453-408C-995C-A0B53453CA13}.Debug|Any CPU.ActiveCfg = Debug|Any CPU
		{1A41956E-9453-408C-995C-A0B53453CA13}.Debug|Any CPU.Build.0 = Debug|Any CPU
		{1A41956E-9453-408C-995C-A0B53453CA13}.Release|Any CPU.ActiveCfg = Release|Any CPU
		{1A41956E-9453-408C-995C-A0B53453CA13}.Release|Any CPU.Build.0 = Release|Any CPU
		{B471441F-6C3D-4E6A-A837-8C46B9957D56}.Debug|Any CPU.ActiveCfg = Debug|Any CPU
		{B471441F-6C3D-4E6A-A837-8C46B9957D56}.Debug|Any CPU.Build.0 = Debug|Any CPU
		{B471441F-6C3D-4E6A-A837-8C46B9957D56}.Release|Any CPU.ActiveCfg = Release|Any CPU
		{B471441F-6C3D-4E6A-A837-8C46B9957D56}.Release|Any CPU.Build.0 = Release|Any CPU
		{8ED6786D-562B-49E4-8CEF-9728F0BD1152}.Debug|Any CPU.ActiveCfg = Debug|Any CPU
		{8ED6786D-562B-49E4-8CEF-9728F0BD1152}.Debug|Any CPU.Build.0 = Debug|Any CPU
		{8ED6786D-562B-49E4-8CEF-9728F0BD1152}.Release|Any CPU.ActiveCfg = Release|Any CPU
		{8ED6786D-562B-49E4-8CEF-9728F0BD1152}.Release|Any CPU.Build.0 = Release|Any CPU
	EndGlobalSection
	GlobalSection(SolutionProperties) = preSolution
		HideSolutionNode = FALSE
	EndGlobalSection
	GlobalSection(ExtensibilityGlobals) = postSolution
		SolutionGuid = {8BAA9FCD-6F79-4019-BDC6-B1476C755D8F}
	EndGlobalSection
EndGlobal
